
Microsoft Visual Studio Solution File, Format Version 9.00
# Visual Studio 2005
Project("{8BC9CEB8-8B4A-11D0-8D11-00A0C91BC942}") = "ScDetective.W7", "ScDetective\ScDetective.W7.vcproj", "{901B2D1A-7D66-4EE2-BE8D-0C7D2DA7843B}"
EndProject
Project("{8BC9CEB8-8B4A-11D0-8D11-00A0C91BC942}") = "ScDetectiveFilter.W7", "..\ScDetective_Filter\ScDetectiveFilter\ScDetectiveFilter.W7.vcproj", "{2189350A-C978-4D54-ABCF-68F91F29EBE5}"
EndProject
Global
	GlobalSection(SolutionConfigurationPlatforms) = preSolution
		W7 checked|Win32 = W7 checked|Win32
		W7 free|Win32 = W7 free|Win32
		W7LH checked|Win32 = W7LH checked|Win32
		W7LH free|Win32 = W7LH free|Win32
		W7NET checked|Win32 = W7NET checked|Win32
		W7NET free|Win32 = W7NET free|Win32
		W7XP checked|Win32 = W7XP checked|Win32
		W7XP free|Win32 = W7XP free|Win32
	EndGlobalSection
	GlobalSection(ProjectConfigurationPlatforms) = postSolution
		{901B2D1A-7D66-4EE2-BE8D-0C7D2DA7843B}.W7 checked|Win32.ActiveCfg = W7 checked|Win32
		{901B2D1A-7D66-4EE2-BE8D-0C7D2DA7843B}.W7 checked|Win32.Build.0 = W7 checked|Win32
		{901B2D1A-7D66-4EE2-BE8D-0C7D2DA7843B}.W7 checked|Win32.Deploy.0 = W7 checked|Win32
		{901B2D1A-7D66-4EE2-BE8D-0C7D2DA7843B}.W7 free|Win32.ActiveCfg = W7 free|Win32
		{901B2D1A-7D66-4EE2-BE8D-0C7D2DA7843B}.W7 free|Win32.Build.0 = W7 free|Win32
		{901B2D1A-7D66-4EE2-BE8D-0C7D2DA7843B}.W7 free|Win32.Deploy.0 = W7 free|Win32
		{901B2D1A-7D66-4EE2-BE8D-0C7D2DA7843B}.W7LH checked|Win32.ActiveCfg = W7LH checked|Win32
		{901B2D1A-7D66-4EE2-BE8D-0C7D2DA7843B}.W7LH checked|Win32.Build.0 = W7LH checked|Win32
		{901B2D1A-7D66-4EE2-BE8D-0C7D2DA7843B}.W7LH checked|Win32.Deploy.0 = W7LH checked|Win32
		{901B2D1A-7D66-4EE2-BE8D-0C7D2DA7843B}.W7LH free|Win32.ActiveCfg = W7LH free|Win32
		{901B2D1A-7D66-4EE2-BE8D-0C7D2DA7843B}.W7LH free|Win32.Build.0 = W7LH free|Win32
		{901B2D1A-7D66-4EE2-BE8D-0C7D2DA7843B}.W7LH free|Win32.Deploy.0 = W7LH free|Win32
		{901B2D1A-7D66-4EE2-BE8D-0C7D2DA7843B}.W7NET checked|Win32.ActiveCfg = W7NET checked|Win32
		{901B2D1A-7D66-4EE2-BE8D-0C7D2DA7843B}.W7NET checked|Win32.Build.0 = W7NET checked|Win32
		{901B2D1A-7D66-4EE2-BE8D-0C7D2DA7843B}.W7NET checked|Win32.Deploy.0 = W7NET checked|Win32
		{901B2D1A-7D66-4EE2-BE8D-0C7D2DA7843B}.W7NET free|Win32.ActiveCfg = W7NET free|Win32
		{901B2D1A-7D66-4EE2-BE8D-0C7D2DA7843B}.W7NET free|Win32.Build.0 = W7NET free|Win32
		{901B2D1A-7D66-4EE2-BE8D-0C7D2DA7843B}.W7NET free|Win32.Deploy.0 = W7NET free|Win32
		{901B2D1A-7D66-4EE2-BE8D-0C7D2DA7843B}.W7XP checked|Win32.ActiveCfg = W7XP checked|Win32
		{901B2D1A-7D66-4EE2-BE8D-0C7D2DA7843B}.W7XP checked|Win32.Build.0 = W7XP checked|Win32
		{901B2D1A-7D66-4EE2-BE8D-0C7D2DA7843B}.W7XP checked|Win32.Deploy.0 = W7XP checked|Win32
		{901B2D1A-7D66-4EE2-BE8D-0C7D2DA7843B}.W7XP free|Win32.ActiveCfg = W7XP free|Win32
		{901B2D1A-7D66-4EE2-BE8D-0C7D2DA7843B}.W7XP free|Win32.Build.0 = W7XP free|Win32
		{901B2D1A-7D66-4EE2-BE8D-0C7D2DA7843B}.W7XP free|Win32.Deploy.0 = W7XP free|Win32
		{2189350A-C978-4D54-ABCF-68F91F29EBE5}.W7 checked|Win32.ActiveCfg = W7 checked|Win32
		{2189350A-C978-4D54-ABCF-68F91F29EBE5}.W7 checked|Win32.Build.0 = W7 checked|Win32
		{2189350A-C978-4D54-ABCF-68F91F29EBE5}.W7 free|Win32.ActiveCfg = W7 free|Win32
		{2189350A-C978-4D54-ABCF-68F91F29EBE5}.W7 free|Win32.Build.0 = W7 free|Win32
		{2189350A-C978-4D54-ABCF-68F91F29EBE5}.W7LH checked|Win32.ActiveCfg = W7LH checked|Win32
		{2189350A-C978-4D54-ABCF-68F91F29EBE5}.W7LH checked|Win32.Build.0 = W7LH checked|Win32
		{2189350A-C978-4D54-ABCF-68F91F29EBE5}.W7LH free|Win32.ActiveCfg = W7LH free|Win32
		{2189350A-C978-4D54-ABCF-68F91F29EBE5}.W7LH free|Win32.Build.0 = W7LH free|Win32
		{2189350A-C978-4D54-ABCF-68F91F29EBE5}.W7NET checked|Win32.ActiveCfg = W7NET checked|Win32
		{2189350A-C978-4D54-ABCF-68F91F29EBE5}.W7NET checked|Win32.Build.0 = W7NET checked|Win32
		{2189350A-C978-4D54-ABCF-68F91F29EBE5}.W7NET free|Win32.ActiveCfg = W7NET free|Win32
		{2189350A-C978-4D54-ABCF-68F91F29EBE5}.W7NET free|Win32.Build.0 = W7NET free|Win32
		{2189350A-C978-4D54-ABCF-68F91F29EBE5}.W7XP checked|Win32.ActiveCfg = W7XP checked|Win32
		{2189350A-C978-4D54-ABCF-68F91F29EBE5}.W7XP checked|Win32.Build.0 = W7XP checked|Win32
		{2189350A-C978-4D54-ABCF-68F91F29EBE5}.W7XP free|Win32.ActiveCfg = W7XP free|Win32
		{2189350A-C978-4D54-ABCF-68F91F29EBE5}.W7XP free|Win32.Build.0 = W7XP free|Win32
	EndGlobalSection
	GlobalSection(SolutionProperties) = preSolution
		HideSolutionNode = FALSE
	EndGlobalSection
EndGlobal
